{
  "name": "rheroicons",
  "version": "0.1.1",
  "lockfileVersion": 1,
  "requires": true,
  "dependencies": {
    "heroicons": {
      "version": "0.3.6",
      "resolved": "https://registry.npmjs.org/heroicons/-/heroicons-0.3.6.tgz",
      "integrity": "sha512-xDjwHSNOcBlLi5s73ciFZbVnpKhyBGqQsbtpAOocq7QWkyAm6Uoca2nIIp1l+U8U01/ah0tuCIwblfu39qZLaA=="
    }
  }
}
