# THIS IS AN AUTOGENERATED FILE. DO NOT EDIT THIS FILE DIRECTLY.
# yarn lockfile v1


heroicons@^0.3.6:
  version "0.3.7"
  resolved "https://registry.yarnpkg.com/heroicons/-/heroicons-0.3.7.tgz#0ec4c093fa9db4d8f4fa17e38af8b6a19be59833"
  integrity sha512-2fhfSKuPpFIYaLshYL/BV+b/S4hES9Ykh0nNt0adU6l4W5gAwhmkXfYRyxWsayrdHZBr6oc4pLqyedRJk3wWRA==
